github.com/tommyblue/advent-of-code v0.0.0-20191207141636-fe5e8b4787c2 h1:Zem1tDZAmlEmE0pHCXyslUoaBprGiIIPv0oHgCjX8rA=
github.com/tommyblue/advent-of-code v0.0.0-20191207224600-1e35e4bb9865 h1:BCKjPNW7VcSlZrOimr35N5ia6T+tFPqEN9EFZLGnylc=
github.com/tommyblue/advent-of-code/2019 v0.0.0-20191207141636-fe5e8b4787c2 h1:YXTkyaT87q++d6Mdi439kIH6SKwXnaYF8qy8Da98hwU=
